<?xml version="1.0" encoding="utf-8"?>
<Project ToolsVersion="4.0" xmlns="http://schemas.microsoft.com/developer/msbuild/2003">
  <ItemGroup>
    <Filter Include="Plattform">
      <UniqueIdentifier>{5E089A46-CA72-4EBD-13B1-FF627F5A2C12}</UniqueIdentifier>
    </Filter>
    <Filter Include="Plattform\OpenGL">
      <UniqueIdentifier>{D2DB8946-BED4-A898-E706-8E1DD35E88A4}</UniqueIdentifier>
    </Filter>
    <Filter Include="Plattform\Windows">
      <UniqueIdentifier>{9830E16F-0447-DF05-4DBE-6A27B913B08D}</UniqueIdentifier>
    </Filter>
    <Filter Include="TowerDelivery">
      <UniqueIdentifier>{7AEC2F4B-E6AC-AB81-AFE7-F4FE1B67F05D}</UniqueIdentifier>
    </Filter>
    <Filter Include="TowerDelivery\Events">
      <UniqueIdentifier>{1E8B6313-0A1A-EDDC-B338-01D89FA6FD82}</UniqueIdentifier>
    </Filter>
    <Filter Include="TowerDelivery\ImGui">
      <UniqueIdentifier>{2455BA84-90B6-9792-1924-DE448584CE51}</UniqueIdentifier>
    </Filter>
  </ItemGroup>
  <ItemGroup>
    <ClInclude Include="src\Plattform\OpenGL\ImGuiOpenGLRenderer.h">
      <Filter>Plattform\OpenGL</Filter>
    </ClInclude>
    <ClInclude Include="src\Plattform\Windows\WIndowsWindow.h">
      <Filter>Plattform\Windows</Filter>
    </ClInclude>
    <ClInclude Include="src\Plattform\Windows\WindowsInput.h">
      <Filter>Plattform\Windows</Filter>
    </ClInclude>
    <ClInclude Include="src\TowerDelivery.h" />
    <ClInclude Include="src\TowerDelivery\Application.h">
      <Filter>TowerDelivery</Filter>
    </ClInclude>
    <ClInclude Include="src\TowerDelivery\Core.h">
      <Filter>TowerDelivery</Filter>
    </ClInclude>
    <ClInclude Include="src\TowerDelivery\EntryPoint.h">
      <Filter>TowerDelivery</Filter>
    </ClInclude>
    <ClInclude Include="src\TowerDelivery\Events\ApplicationEvent.h">
      <Filter>TowerDelivery\Events</Filter>
    </ClInclude>
    <ClInclude Include="src\TowerDelivery\Events\Event.h">
      <Filter>TowerDelivery\Events</Filter>
    </ClInclude>
    <ClInclude Include="src\TowerDelivery\Events\KeyEvent.h">
      <Filter>TowerDelivery\Events</Filter>
    </ClInclude>
    <ClInclude Include="src\TowerDelivery\Events\MouseEvent.h">
      <Filter>TowerDelivery\Events</Filter>
    </ClInclude>
    <ClInclude Include="src\TowerDelivery\ImGui\ImGuiLayer.h">
      <Filter>TowerDelivery\ImGui</Filter>
    </ClInclude>
    <ClInclude Include="src\TowerDelivery\Layer.h">
      <Filter>TowerDelivery</Filter>
    </ClInclude>
    <ClInclude Include="src\TowerDelivery\LayerStack.h">
      <Filter>TowerDelivery</Filter>
    </ClInclude>
    <ClInclude Include="src\TowerDelivery\Log.h">
      <Filter>TowerDelivery</Filter>
    </ClInclude>
    <ClInclude Include="src\TowerDelivery\Window.h">
      <Filter>TowerDelivery</Filter>
    </ClInclude>
    <ClInclude Include="src\tdpch.h" />
    <ClInclude Include="src\TowerDelivery\KeyCodes.h" />
    <ClInclude Include="src\TowerDelivery\MouseButtonCodes.h" />
  </ItemGroup>
  <ItemGroup>
    <ClCompile Include="src\Plattform\OpenGL\ImGuiOpenGLRenderer.cpp">
      <Filter>Plattform\OpenGL</Filter>
    </ClCompile>
    <ClCompile Include="src\Plattform\Windows\WindowsWindow.cpp">
      <Filter>Plattform\Windows</Filter>
    </ClCompile>
    <ClCompile Include="src\TowerDelivery\Application.cpp">
      <Filter>TowerDelivery</Filter>
    </ClCompile>
    <ClCompile Include="src\TowerDelivery\ImGui\ImGuiLayer.cpp">
      <Filter>TowerDelivery\ImGui</Filter>
    </ClCompile>
    <ClCompile Include="src\TowerDelivery\Layer.cpp">
      <Filter>TowerDelivery</Filter>
    </ClCompile>
    <ClCompile Include="src\TowerDelivery\LayerStack.cpp">
      <Filter>TowerDelivery</Filter>
    </ClCompile>
    <ClCompile Include="src\TowerDelivery\Log.cpp">
      <Filter>TowerDelivery</Filter>
    </ClCompile>
    <ClCompile Include="src\tdpch.cpp" />
  </ItemGroup>
</Project>